github.com/golang/protobuf v1.5.0/go.mod h1:FsONVRAS9T7sI+LIUmWTfcYkHO4aIWwzhcaSAoJOfIk=
github.com/golang/protobuf v1.5.2 h1:ROPKBNFfQgOUMifHyP+KYbvpjbdoFNs+aK7DXlji0Tw=
github.com/golang/protobuf v1.5.2/go.mod h1:XVQd3VNwM+JqD3oG2Ue2ip4fOMUkwXdXDdiuN0vRsmY=
github.com/google/go-cmp v0.5.5/go.mod h1:v8dTdLbMG2kIc/vJvl+f65V22dbkXbowE6jgT/gNBxE=
github.com/google/go-cmp v0.5.9 h1:O2Tfq5qg4qc4AmwVlvv0oLiVAGB7enBSJ2x2DqQFi38=
github.com/opiproject/opi-api v0.0.0-20230202192219-751ab9b6c1e7 h1:KSVYi0j7CHrWpYlVlN703kqJJ9tfp9Hxvsyk5shiwZ8=
github.com/opiproject/opi-api v0.0.0-20230202192219-751ab9b6c1e7/go.mod h1:92pv4ulvvPMuxCJ9ND3aYbmBfEMLx0VCjpkiR7ZTqPY=
github.com/opiproject/opi-api v0.0.0-20230209185339-49817ff57038 h1:nn/9msdUvIHz+Mhj7vJzNFmWHEkcbEefnjQ0SypR+dk=
github.com/opiproject/opi-api v0.0.0-20230209185339-49817ff57038/go.mod h1:92pv4ulvvPMuxCJ9ND3aYbmBfEMLx0VCjpkiR7ZTqPY=
github.com/opiproject/opi-api v0.0.0-20230210163817-993fdd8940ca h1:n+V60woVWmUfXWYKUNicG5P2x0SvMmfC0X+6ofO8Y38=
github.com/opiproject/opi-api v0.0.0-20230210163817-993fdd8940ca/go.mod h1:92pv4ulvvPMuxCJ9ND3aYbmBfEMLx0VCjpkiR7ZTqPY=
github.com/opiproject/opi-api v0.0.0-20230213143425-2cf625ef7bed h1:LR9mYjnkhz5+veAS5XobCGkEqxT1JPRfg6dNefg6WiI=
github.com/opiproject/opi-api v0.0.0-20230213143425-2cf625ef7bed/go.mod h1:92pv4ulvvPMuxCJ9ND3aYbmBfEMLx0VCjpkiR7ZTqPY=
github.com/opiproject/opi-api v0.0.0-20230217002127-6b5ca335938e h1:D8vWoYCiR85g8305umXx+OIxBCCsvsI/vHvMUjSAKOE=
github.com/opiproject/opi-api v0.0.0-20230217002127-6b5ca335938e/go.mod h1:92pv4ulvvPMuxCJ9ND3aYbmBfEMLx0VCjpkiR7ZTqPY=
github.com/opiproject/opi-api v0.0.0-20230217231118-136a80b2cf1a h1:U/NwI1UBE0aPZDe3vGaYrUW5sr5zsihWg705VFo0m6c=
github.com/opiproject/opi-api v0.0.0-20230217231118-136a80b2cf1a/go.mod h1:92pv4ulvvPMuxCJ9ND3aYbmBfEMLx0VCjpkiR7ZTqPY=
github.com/opiproject/opi-api v0.0.0-20230220230240-4bbc7d19755f h1:JZ6rEnjFa+6jqMsKZGJg1mfrt2AlNtKSaNO8tQEISwQ=
github.com/opiproject/opi-api v0.0.0-20230220230240-4bbc7d19755f/go.mod h1:92pv4ulvvPMuxCJ9ND3aYbmBfEMLx0VCjpkiR7ZTqPY=
github.com/opiproject/opi-api v0.0.0-20230225230919-cfabce5c411a h1:E5tC1MquOj4pV3Y+Q+fRxczlRKPm4WReyANFt66ERSA=
github.com/opiproject/opi-api v0.0.0-20230225230919-cfabce5c411a/go.mod h1:92pv4ulvvPMuxCJ9ND3aYbmBfEMLx0VCjpkiR7ZTqPY=
github.com/opiproject/opi-api v0.0.0-20230303012813-84a85a3b3082 h1:1cKSew5oLFFMSt8rAS0QaIlfNXK6Hip8OOyWCrk/jdQ=
github.com/opiproject/opi-api v0.0.0-20230303012813-84a85a3b3082/go.mod h1:92pv4ulvvPMuxCJ9ND3aYbmBfEMLx0VCjpkiR7ZTqPY=
github.com/opiproject/opi-api v0.0.0-20230303162737-328ef45a14b7 h1:Dus38YGXSg3Dbtm1rYVgdC78CZAV5VkmFpKESscGk4E=
github.com/opiproject/opi-api v0.0.0-20230303162737-328ef45a14b7/go.mod h1:92pv4ulvvPMuxCJ9ND3aYbmBfEMLx0VCjpkiR7ZTqPY=
github.com/opiproject/opi-api v0.0.0-20230308182040-4d50cc36139e h1:JcVtrEWG15BD2Z1BK02HO50gJBAG/iwo8/kESUmYxPY=
github.com/opiproject/opi-api v0.0.0-20230308182040-4d50cc36139e/go.mod h1:92pv4ulvvPMuxCJ9ND3aYbmBfEMLx0VCjpkiR7ZTqPY=
github.com/opiproject/opi-api v0.0.0-20230310172447-05176c3f7750 h1:V/HlKKhe7JXzH9kYc81k7wXu1tZjsWMwW+nkGbhzsMo=
github.com/opiproject/opi-api v0.0.0-20230310172447-05176c3f7750/go.mod h1:92pv4ulvvPMuxCJ9ND3aYbmBfEMLx0VCjpkiR7ZTqPY=
github.com/opiproject/opi-api v0.0.0-20230317155034-0605e35f1e29 h1:EvCglUZjMQtTm1BS+ApxBnHtKFBsM4/Z3Eq3SDqACTE=
github.com/opiproject/opi-api v0.0.0-20230317155034-0605e35f1e29/go.mod h1:92pv4ulvvPMuxCJ9ND3aYbmBfEMLx0VCjpkiR7ZTqPY=
github.com/opiproject/opi-api v0.0.0-20230321130819-26d7a341e5cf h1:y2cJbxE1YzQ4szJtTNt+DvgYBmMfgb6syxEna/z39vQ=
github.com/opiproject/opi-api v0.0.0-20230321130819-26d7a341e5cf/go.mod h1:92pv4ulvvPMuxCJ9ND3aYbmBfEMLx0VCjpkiR7ZTqPY=
github.com/strongswan/govici v0.6.0 h1:QAjc7IIx1c/1P0Hz7yMX91FB5BUNKtyXzfxpuPyBKXE=
github.com/strongswan/govici v0.6.0/go.mod h1:RgO/KrMlFNsRf3dSoxwWSDSV+ASd98n1T+2G3QMEVHE=
github.com/strongswan/govici v0.7.0 h1:m0BaL5hY+2khnQZYDaKJkd4Ji1jFrNzS0fg+GQS7QnE=
github.com/strongswan/govici v0.7.0/go.mod h1:WvC3Lo9kEzjxUb5xNe2B4NczQpa7+cZMIy2x8eZLzSE=
golang.org/x/net v0.5.0 h1:GyT4nK/YDHSqa1c4753ouYCDajOYKTja9Xb/OHtgvSw=
golang.org/x/net v0.5.0/go.mod h1:DivGGAXEgPSlEBzxGzZI+ZLohi+xUj054jfeKui00ws=
golang.org/x/net v0.8.0 h1:Zrh2ngAOFYneWTAIAPethzeaQLuHwhuBkuV6ZiRnUaQ=
golang.org/x/net v0.8.0/go.mod h1:QVkue5JL9kW//ek3r6jTKnTFis1tRmNAW2P1shuFdJc=
golang.org/x/sys v0.4.0 h1:Zr2JFtRQNX3BCZ8YtxRE9hNJYC8J6I1MVbMg6owUp18=
golang.org/x/sys v0.4.0/go.mod h1:oPkhp1MJrh7nUepCBck5+mAzfO9JrbApNNgaTdGDITg=
golang.org/x/sys v0.6.0 h1:MVltZSvRTcU2ljQOhs94SXPftV6DCNnZViHeQps87pQ=
golang.org/x/sys v0.6.0/go.mod h1:oPkhp1MJrh7nUepCBck5+mAzfO9JrbApNNgaTdGDITg=
golang.org/x/text v0.6.0 h1:3XmdazWV+ubf7QgHSTWeykHOci5oeekaGJBLkrkaw4k=
golang.org/x/text v0.6.0/go.mod h1:mrYo+phRRbMaCq/xk9113O4dZlRixOauAjOtrjsXDZ8=
golang.org/x/text v0.8.0 h1:57P1ETyNKtuIjB4SRd15iJxuhj8Gc416Y78H3qgMh68=
golang.org/x/text v0.8.0/go.mod h1:e1OnstbJyHTd6l/uOt8jFFHp6TRDWZR/bV3emEE/zU8=
golang.org/x/xerrors v0.0.0-20191204190536-9bdfabe68543/go.mod h1:I/5z698sn9Ka8TeJc9MKroUUfqBBauWjQqLJ2OPfmY0=
google.golang.org/genproto v0.0.0-20230110181048-76db0878b65f h1:BWUVssLB0HVOSY78gIdvk1dTVYtT1y8SBWtPYuTJ/6w=
google.golang.org/genproto v0.0.0-20230110181048-76db0878b65f/go.mod h1:RGgjbofJ8xD9Sq1VVhDM1Vok1vRONV+rg+CjzG4SZKM=
google.golang.org/grpc v1.53.0 h1:LAv2ds7cmFV/XTS3XG1NneeENYrXGmorPxsBbptIjNc=
google.golang.org/grpc v1.53.0/go.mod h1:OnIrk0ipVdj4N5d9IUoFUx72/VlD7+jUsHwZgwSMQpw=
google.golang.org/grpc v1.54.0 h1:EhTqbhiYeixwWQtAEZAxmV9MGqcjEU2mFx52xCzNyag=
google.golang.org/grpc v1.54.0/go.mod h1:PUSEXI6iWghWaB6lXM4knEgpJNu2qUcKfDtNci3EC2g=
google.golang.org/protobuf v1.26.0-rc.1/go.mod h1:jlhhOSvTdKEhbULTjvd4ARK9grFBp09yW+WbY/TyQbw=
google.golang.org/protobuf v1.26.0/go.mod h1:9q0QmTI4eRPtz6boOQmLYwt+qCgq0jsYwAQnmE0givc=
google.golang.org/protobuf v1.28.1 h1:d0NfwRgPtno5B1Wa6L2DAG+KivqkdutMf1UhdNx175w=
google.golang.org/protobuf v1.28.1/go.mod h1:HV8QOd/L58Z+nl8r43ehVNZIU/HEI6OcFqwMG9pJV4I=
